
Microsoft Visual Studio Solution File, Format Version 12.00
# Visual Studio Version 17
VisualStudioVersion = 17.4.33213.308
MinimumVisualStudioVersion = 10.0.40219.1
Project("{FAE04EC0-301F-11D3-BF4B-00C04F79EFBC}") = "WpfApp1", "WpfApp1.csproj", "{317DDA32-2211-4479-B859-BE503B7BDA4E}"
EndProject
Project("{FAE04EC0-301F-11D3-BF4B-00C04F79EFBC}") = "ClassLibrary1", "..\ClassLibrary1\ClassLibrary1.csproj", "{76C95ECB-2FEA-43F3-9506-65F779E86900}"
EndProject
Global
	GlobalSection(SolutionConfigurationPlatforms) = preSolution
		Debug|Any CPU = Debug|Any CPU
		Release|Any CPU = Release|Any CPU
	EndGlobalSection
	GlobalSection(ProjectConfigurationPlatforms) = postSolution
		{317DDA32-2211-4479-B859-BE503B7BDA4E}.Debug|Any CPU.ActiveCfg = Debug|Any CPU
		{317DDA32-2211-4479-B859-BE503B7BDA4E}.Debug|Any CPU.Build.0 = Debug|Any CPU
		{317DDA32-2211-4479-B859-BE503B7BDA4E}.Release|Any CPU.ActiveCfg = Release|Any CPU
		{317DDA32-2211-4479-B859-BE503B7BDA4E}.Release|Any CPU.Build.0 = Release|Any CPU
		{76C95ECB-2FEA-43F3-9506-65F779E86900}.Debug|Any CPU.ActiveCfg = Debug|Any CPU
		{76C95ECB-2FEA-43F3-9506-65F779E86900}.Debug|Any CPU.Build.0 = Debug|Any CPU
		{76C95ECB-2FEA-43F3-9506-65F779E86900}.Release|Any CPU.ActiveCfg = Release|Any CPU
		{76C95ECB-2FEA-43F3-9506-65F779E86900}.Release|Any CPU.Build.0 = Release|Any CPU
	EndGlobalSection
	GlobalSection(SolutionProperties) = preSolution
		HideSolutionNode = FALSE
	EndGlobalSection
	GlobalSection(ExtensibilityGlobals) = postSolution
		SolutionGuid = {53179CF3-BEFF-4AC3-8F9D-97EC52278068}
	EndGlobalSection
EndGlobal
